
Microsoft Visual Studio Solution File, Format Version 12.00
# Visual Studio 15
VisualStudioVersion = 15.0.27130.2020
MinimumVisualStudioVersion = 10.0.40219.1
Project("{FAE04EC0-301F-11D3-BF4B-00C04F79EFBC}") = "Serialiser", "Serialiser\Serialiser.csproj", "{D376335E-9F5D-4B89-8602-A3FA95E48D6C}"
EndProject
Global
	GlobalSection(SolutionConfigurationPlatforms) = preSolution
		Debug|Any CPU = Debug|Any CPU
		Release|Any CPU = Release|Any CPU
	EndGlobalSection
	GlobalSection(ProjectConfigurationPlatforms) = postSolution
		{D376335E-9F5D-4B89-8602-A3FA95E48D6C}.Debug|Any CPU.ActiveCfg = Debug|Any CPU
		{D376335E-9F5D-4B89-8602-A3FA95E48D6C}.Debug|Any CPU.Build.0 = Debug|Any CPU
		{D376335E-9F5D-4B89-8602-A3FA95E48D6C}.Release|Any CPU.ActiveCfg = Release|Any CPU
		{D376335E-9F5D-4B89-8602-A3FA95E48D6C}.Release|Any CPU.Build.0 = Release|Any CPU
	EndGlobalSection
	GlobalSection(SolutionProperties) = preSolution
		HideSolutionNode = FALSE
	EndGlobalSection
	GlobalSection(ExtensibilityGlobals) = postSolution
		SolutionGuid = {944F83F8-D372-4EB1-A14A-19EBEF28AFAA}
	EndGlobalSection
EndGlobal
