
Microsoft Visual Studio Solution File, Format Version 12.00
# Visual Studio 15
VisualStudioVersion = 15.0.27130.2020
MinimumVisualStudioVersion = 10.0.40219.1
Project("{FAE04EC0-301F-11D3-BF4B-00C04F79EFBC}") = "Midterm3", "Midterm3\Midterm3.csproj", "{495DDBB5-4437-425F-B41C-3A4D11400E7F}"
EndProject
Global
	GlobalSection(SolutionConfigurationPlatforms) = preSolution
		Debug|Any CPU = Debug|Any CPU
		Release|Any CPU = Release|Any CPU
	EndGlobalSection
	GlobalSection(ProjectConfigurationPlatforms) = postSolution
		{495DDBB5-4437-425F-B41C-3A4D11400E7F}.Debug|Any CPU.ActiveCfg = Debug|Any CPU
		{495DDBB5-4437-425F-B41C-3A4D11400E7F}.Debug|Any CPU.Build.0 = Debug|Any CPU
		{495DDBB5-4437-425F-B41C-3A4D11400E7F}.Release|Any CPU.ActiveCfg = Release|Any CPU
		{495DDBB5-4437-425F-B41C-3A4D11400E7F}.Release|Any CPU.Build.0 = Release|Any CPU
	EndGlobalSection
	GlobalSection(SolutionProperties) = preSolution
		HideSolutionNode = FALSE
	EndGlobalSection
	GlobalSection(ExtensibilityGlobals) = postSolution
		SolutionGuid = {D040E210-7670-4DC1-9BEF-831A83A9CF06}
	EndGlobalSection
EndGlobal
