
Microsoft Visual Studio Solution File, Format Version 12.00
# Visual Studio 14
VisualStudioVersion = 14.0.25420.1
MinimumVisualStudioVersion = 10.0.40219.1
Project("{FAE04EC0-301F-11D3-BF4B-00C04F79EFBC}") = "Rectangle", "Rectangle\Rectangle.csproj", "{71493B9E-0746-4A88-B1A7-FA160EAA0557}"
EndProject
Global
	GlobalSection(SolutionConfigurationPlatforms) = preSolution
		Debug|Any CPU = Debug|Any CPU
		Release|Any CPU = Release|Any CPU
	EndGlobalSection
	GlobalSection(ProjectConfigurationPlatforms) = postSolution
		{71493B9E-0746-4A88-B1A7-FA160EAA0557}.Debug|Any CPU.ActiveCfg = Debug|Any CPU
		{71493B9E-0746-4A88-B1A7-FA160EAA0557}.Debug|Any CPU.Build.0 = Debug|Any CPU
		{71493B9E-0746-4A88-B1A7-FA160EAA0557}.Release|Any CPU.ActiveCfg = Release|Any CPU
		{71493B9E-0746-4A88-B1A7-FA160EAA0557}.Release|Any CPU.Build.0 = Release|Any CPU
	EndGlobalSection
	GlobalSection(SolutionProperties) = preSolution
		HideSolutionNode = FALSE
	EndGlobalSection
EndGlobal
