
Microsoft Visual Studio Solution File, Format Version 12.00
# Visual Studio 15
VisualStudioVersion = 15.0.27130.2020
MinimumVisualStudioVersion = 10.0.40219.1
Project("{FAE04EC0-301F-11D3-BF4B-00C04F79EFBC}") = "Midterm4", "Midterm4\Midterm4.csproj", "{CC54EDEC-E024-4762-94B6-BCEBCE23E725}"
EndProject
Global
	GlobalSection(SolutionConfigurationPlatforms) = preSolution
		Debug|Any CPU = Debug|Any CPU
		Release|Any CPU = Release|Any CPU
	EndGlobalSection
	GlobalSection(ProjectConfigurationPlatforms) = postSolution
		{CC54EDEC-E024-4762-94B6-BCEBCE23E725}.Debug|Any CPU.ActiveCfg = Debug|Any CPU
		{CC54EDEC-E024-4762-94B6-BCEBCE23E725}.Debug|Any CPU.Build.0 = Debug|Any CPU
		{CC54EDEC-E024-4762-94B6-BCEBCE23E725}.Release|Any CPU.ActiveCfg = Release|Any CPU
		{CC54EDEC-E024-4762-94B6-BCEBCE23E725}.Release|Any CPU.Build.0 = Release|Any CPU
	EndGlobalSection
	GlobalSection(SolutionProperties) = preSolution
		HideSolutionNode = FALSE
	EndGlobalSection
	GlobalSection(ExtensibilityGlobals) = postSolution
		SolutionGuid = {D8BDCD46-6276-4ADE-90EF-F9D2E92EA3D3}
	EndGlobalSection
EndGlobal
