
Microsoft Visual Studio Solution File, Format Version 12.00
# Visual Studio 15
VisualStudioVersion = 15.0.27130.2020
MinimumVisualStudioVersion = 10.0.40219.1
Project("{FAE04EC0-301F-11D3-BF4B-00C04F79EFBC}") = "Midterm2", "Midterm2\Midterm2.csproj", "{791F5B8B-1DDC-4CED-9420-20B68B9781AD}"
EndProject
Global
	GlobalSection(SolutionConfigurationPlatforms) = preSolution
		Debug|Any CPU = Debug|Any CPU
		Release|Any CPU = Release|Any CPU
	EndGlobalSection
	GlobalSection(ProjectConfigurationPlatforms) = postSolution
		{791F5B8B-1DDC-4CED-9420-20B68B9781AD}.Debug|Any CPU.ActiveCfg = Debug|Any CPU
		{791F5B8B-1DDC-4CED-9420-20B68B9781AD}.Debug|Any CPU.Build.0 = Debug|Any CPU
		{791F5B8B-1DDC-4CED-9420-20B68B9781AD}.Release|Any CPU.ActiveCfg = Release|Any CPU
		{791F5B8B-1DDC-4CED-9420-20B68B9781AD}.Release|Any CPU.Build.0 = Release|Any CPU
	EndGlobalSection
	GlobalSection(SolutionProperties) = preSolution
		HideSolutionNode = FALSE
	EndGlobalSection
	GlobalSection(ExtensibilityGlobals) = postSolution
		SolutionGuid = {D474F5E4-C8EC-4DEA-8BF4-B053E09CB28C}
	EndGlobalSection
EndGlobal
