
Microsoft Visual Studio Solution File, Format Version 12.00
# Visual Studio 15
VisualStudioVersion = 15.0.27130.2020
MinimumVisualStudioVersion = 10.0.40219.1
Project("{FAE04EC0-301F-11D3-BF4B-00C04F79EFBC}") = "2task", "2task\2task.csproj", "{02D73C81-56B7-4C09-A40C-63FD74E6105F}"
EndProject
Global
	GlobalSection(SolutionConfigurationPlatforms) = preSolution
		Debug|Any CPU = Debug|Any CPU
		Release|Any CPU = Release|Any CPU
	EndGlobalSection
	GlobalSection(ProjectConfigurationPlatforms) = postSolution
		{02D73C81-56B7-4C09-A40C-63FD74E6105F}.Debug|Any CPU.ActiveCfg = Debug|Any CPU
		{02D73C81-56B7-4C09-A40C-63FD74E6105F}.Debug|Any CPU.Build.0 = Debug|Any CPU
		{02D73C81-56B7-4C09-A40C-63FD74E6105F}.Release|Any CPU.ActiveCfg = Release|Any CPU
		{02D73C81-56B7-4C09-A40C-63FD74E6105F}.Release|Any CPU.Build.0 = Release|Any CPU
	EndGlobalSection
	GlobalSection(SolutionProperties) = preSolution
		HideSolutionNode = FALSE
	EndGlobalSection
	GlobalSection(ExtensibilityGlobals) = postSolution
		SolutionGuid = {0D59FDC4-D97D-4082-BA1B-EF2B8DCC7835}
	EndGlobalSection
EndGlobal
