
Microsoft Visual Studio Solution File, Format Version 12.00
# Visual Studio 15
VisualStudioVersion = 15.0.27130.2020
MinimumVisualStudioVersion = 10.0.40219.1
Project("{FAE04EC0-301F-11D3-BF4B-00C04F79EFBC}") = "Farmanager", "Farmanager\Farmanager.csproj", "{34B01014-13D5-4E11-84F2-8A7446D8C448}"
EndProject
Global
	GlobalSection(SolutionConfigurationPlatforms) = preSolution
		Debug|Any CPU = Debug|Any CPU
		Release|Any CPU = Release|Any CPU
	EndGlobalSection
	GlobalSection(ProjectConfigurationPlatforms) = postSolution
		{34B01014-13D5-4E11-84F2-8A7446D8C448}.Debug|Any CPU.ActiveCfg = Debug|Any CPU
		{34B01014-13D5-4E11-84F2-8A7446D8C448}.Debug|Any CPU.Build.0 = Debug|Any CPU
		{34B01014-13D5-4E11-84F2-8A7446D8C448}.Release|Any CPU.ActiveCfg = Release|Any CPU
		{34B01014-13D5-4E11-84F2-8A7446D8C448}.Release|Any CPU.Build.0 = Release|Any CPU
	EndGlobalSection
	GlobalSection(SolutionProperties) = preSolution
		HideSolutionNode = FALSE
	EndGlobalSection
	GlobalSection(ExtensibilityGlobals) = postSolution
		SolutionGuid = {A56C56E6-BB44-46C8-BE56-44F281C267D2}
	EndGlobalSection
EndGlobal
