
Microsoft Visual Studio Solution File, Format Version 12.00
# Visual Studio 15
VisualStudioVersion = 15.0.27130.2020
MinimumVisualStudioVersion = 10.0.40219.1
Project("{FAE04EC0-301F-11D3-BF4B-00C04F79EFBC}") = "Lab3", "Lab3\Lab3.csproj", "{AA188A9B-C940-432E-8C6B-3DF525C8C92D}"
EndProject
Global
	GlobalSection(SolutionConfigurationPlatforms) = preSolution
		Debug|Any CPU = Debug|Any CPU
		Release|Any CPU = Release|Any CPU
	EndGlobalSection
	GlobalSection(ProjectConfigurationPlatforms) = postSolution
		{AA188A9B-C940-432E-8C6B-3DF525C8C92D}.Debug|Any CPU.ActiveCfg = Debug|Any CPU
		{AA188A9B-C940-432E-8C6B-3DF525C8C92D}.Debug|Any CPU.Build.0 = Debug|Any CPU
		{AA188A9B-C940-432E-8C6B-3DF525C8C92D}.Release|Any CPU.ActiveCfg = Release|Any CPU
		{AA188A9B-C940-432E-8C6B-3DF525C8C92D}.Release|Any CPU.Build.0 = Release|Any CPU
	EndGlobalSection
	GlobalSection(SolutionProperties) = preSolution
		HideSolutionNode = FALSE
	EndGlobalSection
	GlobalSection(ExtensibilityGlobals) = postSolution
		SolutionGuid = {C6E5B4DF-D0D3-48FD-AD6D-97F1BB945482}
	EndGlobalSection
EndGlobal
