
Microsoft Visual Studio Solution File, Format Version 12.00
# Visual Studio 15
VisualStudioVersion = 15.0.27130.2020
MinimumVisualStudioVersion = 10.0.40219.1
Project("{FAE04EC0-301F-11D3-BF4B-00C04F79EFBC}") = "SnakeWithGameAndSerialization", "SnakeWithGameAndSerialization\SnakeWithGameAndSerialization.csproj", "{4EE555E8-5ACF-482A-8DAF-A6960F7EC39C}"
EndProject
Global
	GlobalSection(SolutionConfigurationPlatforms) = preSolution
		Debug|Any CPU = Debug|Any CPU
		Release|Any CPU = Release|Any CPU
	EndGlobalSection
	GlobalSection(ProjectConfigurationPlatforms) = postSolution
		{4EE555E8-5ACF-482A-8DAF-A6960F7EC39C}.Debug|Any CPU.ActiveCfg = Debug|Any CPU
		{4EE555E8-5ACF-482A-8DAF-A6960F7EC39C}.Debug|Any CPU.Build.0 = Debug|Any CPU
		{4EE555E8-5ACF-482A-8DAF-A6960F7EC39C}.Release|Any CPU.ActiveCfg = Release|Any CPU
		{4EE555E8-5ACF-482A-8DAF-A6960F7EC39C}.Release|Any CPU.Build.0 = Release|Any CPU
	EndGlobalSection
	GlobalSection(SolutionProperties) = preSolution
		HideSolutionNode = FALSE
	EndGlobalSection
	GlobalSection(ExtensibilityGlobals) = postSolution
		SolutionGuid = {4BB8D86D-35A2-4F25-A7D1-46E154AC97DF}
	EndGlobalSection
EndGlobal
